
Microsoft Visual Studio Solution File, Format Version 12.00
# Visual Studio Version 17
VisualStudioVersion = 17.4.33213.308
MinimumVisualStudioVersion = 10.0.40219.1
Project("{FAE04EC0-301F-11D3-BF4B-00C04F79EFBC}") = "SistemaCadastro", "SistemaCadastro\SistemaCadastro.csproj", "{C342957E-AA0B-4589-983A-D8B3CF3BBF4F}"
EndProject
Global
	GlobalSection(SolutionConfigurationPlatforms) = preSolution
		Debug|Any CPU = Debug|Any CPU
		Release|Any CPU = Release|Any CPU
	EndGlobalSection
	GlobalSection(ProjectConfigurationPlatforms) = postSolution
		{C342957E-AA0B-4589-983A-D8B3CF3BBF4F}.Debug|Any CPU.ActiveCfg = Debug|Any CPU
		{C342957E-AA0B-4589-983A-D8B3CF3BBF4F}.Debug|Any CPU.Build.0 = Debug|Any CPU
		{C342957E-AA0B-4589-983A-D8B3CF3BBF4F}.Release|Any CPU.ActiveCfg = Release|Any CPU
		{C342957E-AA0B-4589-983A-D8B3CF3BBF4F}.Release|Any CPU.Build.0 = Release|Any CPU
	EndGlobalSection
	GlobalSection(SolutionProperties) = preSolution
		HideSolutionNode = FALSE
	EndGlobalSection
	GlobalSection(ExtensibilityGlobals) = postSolution
		SolutionGuid = {C249CD0B-1DA9-4B97-9216-AAE08FD03F94}
	EndGlobalSection
EndGlobal
